// !$*UTF8*$!
{
	archiveVersion = 1;
	classes = {
	};
	objectVersion = 50;
	objects = {

/* Begin PBXBuildFile section */
		7C8F085B2555B50F0083E579 /* SPA_UITests.swift in Sources */ = {isa = PBXBuildFile; fileRef = 7C8F085A2555B50F0083E579 /* SPA_UITests.swift */; };
		814CA038252EBFF500ABAA1B /* RawInputView.swift in Sources */ = {isa = PBXBuildFile; fileRef = 814CA037252EBFF500ABAA1B /* RawInputView.swift */; };
		814CA03D2537BFFD00ABAA1B /* SPAModel.swift in Sources */ = {isa = PBXBuildFile; fileRef = 814CA03C2537BFFD00ABAA1B /* SPAModel.swift */; };
		814CA05D25393F1F00ABAA1B /* UserListView.swift in Sources */ = {isa = PBXBuildFile; fileRef = 814CA05725393F1F00ABAA1B /* UserListView.swift */; };
		814CA05E25393F1F00ABAA1B /* ProjectListView.swift in Sources */ = {isa = PBXBuildFile; fileRef = 814CA05825393F1F00ABAA1B /* ProjectListView.swift */; };
		814CA05F25393F1F00ABAA1B /* UserModel.swift in Sources */ = {isa = PBXBuildFile; fileRef = 814CA05925393F1F00ABAA1B /* UserModel.swift */; };
		814CA066253945C400ABAA1B /* DerivedInputView.swift in Sources */ = {isa = PBXBuildFile; fileRef = 814CA065253945C400ABAA1B /* DerivedInputView.swift */; };
		814CA06E25394E3700ABAA1B /* ViewState.swift in Sources */ = {isa = PBXBuildFile; fileRef = 814CA06D25394E3700ABAA1B /* ViewState.swift */; };
		814CA0902541218B00ABAA1B /* PractionerView.swift in Sources */ = {isa = PBXBuildFile; fileRef = 814CA08D2541218B00ABAA1B /* PractionerView.swift */; };
		814CA0912541218B00ABAA1B /* ExecutiveView.swift in Sources */ = {isa = PBXBuildFile; fileRef = 814CA08E2541218B00ABAA1B /* ExecutiveView.swift */; };
		814CA0922541218B00ABAA1B /* ManagementView.swift in Sources */ = {isa = PBXBuildFile; fileRef = 814CA08F2541218B00ABAA1B /* ManagementView.swift */; };
		814CA09D254A445100ABAA1B /* OutputView.swift in Sources */ = {isa = PBXBuildFile; fileRef = 814CA09C254A445100ABAA1B /* OutputView.swift */; };
		814CA0A7254A452F00ABAA1B /* RawInput.swift in Sources */ = {isa = PBXBuildFile; fileRef = 814CA0A6254A452F00ABAA1B /* RawInput.swift */; };
		81C495D8255508C1007FE463 /* Utility.swift in Sources */ = {isa = PBXBuildFile; fileRef = 81C495D7255508C1007FE463 /* Utility.swift */; };
		81C495DD255509E7007FE463 /* ValidationModule.swift in Sources */ = {isa = PBXBuildFile; fileRef = 81C495DC255509E7007FE463 /* ValidationModule.swift */; };
		FB656AF6254C91BC00B5B88D /* GeneratedView.swift in Sources */ = {isa = PBXBuildFile; fileRef = FB656AF5254C91BC00B5B88D /* GeneratedView.swift */; };
		FB8A7BE5251D6672004831BD /* SPAApp.swift in Sources */ = {isa = PBXBuildFile; fileRef = FB8A7BE4251D6672004831BD /* SPAApp.swift */; };
		FB8A7BE7251D6672004831BD /* ContentView.swift in Sources */ = {isa = PBXBuildFile; fileRef = FB8A7BE6251D6672004831BD /* ContentView.swift */; };
		FB8A7BE9251D6674004831BD /* Assets.xcassets in Resources */ = {isa = PBXBuildFile; fileRef = FB8A7BE8251D6674004831BD /* Assets.xcassets */; };
		FB8A7BEC251D6674004831BD /* Preview Assets.xcassets in Resources */ = {isa = PBXBuildFile; fileRef = FB8A7BEB251D6674004831BD /* Preview Assets.xcassets */; };
		FB8A7BEE251D6674004831BD /* Persistence.swift in Sources */ = {isa = PBXBuildFile; fileRef = FB8A7BED251D6674004831BD /* Persistence.swift */; };
		FB8A7BF1251D6674004831BD /* SPA.xcdatamodeld in Sources */ = {isa = PBXBuildFile; fileRef = FB8A7BEF251D6674004831BD /* SPA.xcdatamodeld */; };
		FBB4060625410C370000EA6C /* ComputeEngine.swift in Sources */ = {isa = PBXBuildFile; fileRef = FBB4060525410C360000EA6C /* ComputeEngine.swift */; };
		FBE437F2252EA9F900DC41AB /* LoginView.swift in Sources */ = {isa = PBXBuildFile; fileRef = FBE437F1252EA9F900DC41AB /* LoginView.swift */; };
/* End PBXBuildFile section */

/* Begin PBXContainerItemProxy section */
		7C8F085D2555B50F0083E579 /* PBXContainerItemProxy */ = {
			isa = PBXContainerItemProxy;
			containerPortal = FB8A7BD9251D6672004831BD /* Project object */;
			proxyType = 1;
			remoteGlobalIDString = FB8A7BE0251D6672004831BD;
			remoteInfo = SPA;
		};
/* End PBXContainerItemProxy section */

/* Begin PBXFileReference section */
		7C8F08582555B50F0083E579 /* SPA-UITests.xctest */ = {isa = PBXFileReference; explicitFileType = wrapper.cfbundle; includeInIndex = 0; path = "SPA-UITests.xctest"; sourceTree = BUILT_PRODUCTS_DIR; };
		7C8F085A2555B50F0083E579 /* SPA_UITests.swift */ = {isa = PBXFileReference; lastKnownFileType = sourcecode.swift; path = SPA_UITests.swift; sourceTree = "<group>"; };
		7C8F085C2555B50F0083E579 /* Info.plist */ = {isa = PBXFileReference; lastKnownFileType = text.plist.xml; path = Info.plist; sourceTree = "<group>"; };
		814CA037252EBFF500ABAA1B /* RawInputView.swift */ = {isa = PBXFileReference; lastKnownFileType = sourcecode.swift; path = RawInputView.swift; sourceTree = "<group>"; };
		814CA03C2537BFFD00ABAA1B /* SPAModel.swift */ = {isa = PBXFileReference; lastKnownFileType = sourcecode.swift; path = SPAModel.swift; sourceTree = "<group>"; };
		814CA05725393F1F00ABAA1B /* UserListView.swift */ = {isa = PBXFileReference; fileEncoding = 4; lastKnownFileType = sourcecode.swift; path = UserListView.swift; sourceTree = "<group>"; };
		814CA05825393F1F00ABAA1B /* ProjectListView.swift */ = {isa = PBXFileReference; fileEncoding = 4; lastKnownFileType = sourcecode.swift; path = ProjectListView.swift; sourceTree = "<group>"; };
		814CA05925393F1F00ABAA1B /* UserModel.swift */ = {isa = PBXFileReference; fileEncoding = 4; lastKnownFileType = sourcecode.swift; path = UserModel.swift; sourceTree = "<group>"; };
		814CA065253945C400ABAA1B /* DerivedInputView.swift */ = {isa = PBXFileReference; lastKnownFileType = sourcecode.swift; path = DerivedInputView.swift; sourceTree = "<group>"; };
		814CA06D25394E3700ABAA1B /* ViewState.swift */ = {isa = PBXFileReference; lastKnownFileType = sourcecode.swift; path = ViewState.swift; sourceTree = "<group>"; };
		814CA08D2541218B00ABAA1B /* PractionerView.swift */ = {isa = PBXFileReference; fileEncoding = 4; lastKnownFileType = sourcecode.swift; path = PractionerView.swift; sourceTree = "<group>"; };
		814CA08E2541218B00ABAA1B /* ExecutiveView.swift */ = {isa = PBXFileReference; fileEncoding = 4; lastKnownFileType = sourcecode.swift; path = ExecutiveView.swift; sourceTree = "<group>"; };
		814CA08F2541218B00ABAA1B /* ManagementView.swift */ = {isa = PBXFileReference; fileEncoding = 4; lastKnownFileType = sourcecode.swift; path = ManagementView.swift; sourceTree = "<group>"; };
		814CA09C254A445100ABAA1B /* OutputView.swift */ = {isa = PBXFileReference; lastKnownFileType = sourcecode.swift; path = OutputView.swift; sourceTree = "<group>"; };
		814CA0A6254A452F00ABAA1B /* RawInput.swift */ = {isa = PBXFileReference; lastKnownFileType = sourcecode.swift; path = RawInput.swift; sourceTree = "<group>"; };
		81C495D7255508C1007FE463 /* Utility.swift */ = {isa = PBXFileReference; lastKnownFileType = sourcecode.swift; path = Utility.swift; sourceTree = "<group>"; };
		81C495DC255509E7007FE463 /* ValidationModule.swift */ = {isa = PBXFileReference; lastKnownFileType = sourcecode.swift; path = ValidationModule.swift; sourceTree = "<group>"; };
		FB656AF5254C91BC00B5B88D /* GeneratedView.swift */ = {isa = PBXFileReference; lastKnownFileType = sourcecode.swift; path = GeneratedView.swift; sourceTree = "<group>"; };
		FB8A7BE1251D6672004831BD /* SPA.app */ = {isa = PBXFileReference; explicitFileType = wrapper.application; includeInIndex = 0; path = SPA.app; sourceTree = BUILT_PRODUCTS_DIR; };
		FB8A7BE4251D6672004831BD /* SPAApp.swift */ = {isa = PBXFileReference; lastKnownFileType = sourcecode.swift; path = SPAApp.swift; sourceTree = "<group>"; };
		FB8A7BE6251D6672004831BD /* ContentView.swift */ = {isa = PBXFileReference; lastKnownFileType = sourcecode.swift; path = ContentView.swift; sourceTree = "<group>"; };
		FB8A7BE8251D6674004831BD /* Assets.xcassets */ = {isa = PBXFileReference; lastKnownFileType = folder.assetcatalog; path = Assets.xcassets; sourceTree = "<group>"; };
		FB8A7BEB251D6674004831BD /* Preview Assets.xcassets */ = {isa = PBXFileReference; lastKnownFileType = folder.assetcatalog; path = "Preview Assets.xcassets"; sourceTree = "<group>"; };
		FB8A7BED251D6674004831BD /* Persistence.swift */ = {isa = PBXFileReference; lastKnownFileType = sourcecode.swift; path = Persistence.swift; sourceTree = "<group>"; };
		FB8A7BF0251D6674004831BD /* SPA.xcdatamodel */ = {isa = PBXFileReference; lastKnownFileType = wrapper.xcdatamodel; path = SPA.xcdatamodel; sourceTree = "<group>"; };
		FB8A7BF2251D6674004831BD /* Info.plist */ = {isa = PBXFileReference; lastKnownFileType = text.plist.xml; path = Info.plist; sourceTree = "<group>"; };
		FBB4060525410C360000EA6C /* ComputeEngine.swift */ = {isa = PBXFileReference; lastKnownFileType = sourcecode.swift; path = ComputeEngine.swift; sourceTree = "<group>"; };
		FBE437F1252EA9F900DC41AB /* LoginView.swift */ = {isa = PBXFileReference; lastKnownFileType = sourcecode.swift; path = LoginView.swift; sourceTree = "<group>"; };
/* End PBXFileReference section */

/* Begin PBXFrameworksBuildPhase section */
		7C8F08552555B50F0083E579 /* Frameworks */ = {
			isa = PBXFrameworksBuildPhase;
			buildActionMask = 2147483647;
			files = (
			);
			runOnlyForDeploymentPostprocessing = 0;
		};
		FB8A7BDE251D6672004831BD /* Frameworks */ = {
			isa = PBXFrameworksBuildPhase;
			buildActionMask = 2147483647;
			files = (
			);
			runOnlyForDeploymentPostprocessing = 0;
		};
/* End PBXFrameworksBuildPhase section */

/* Begin PBXGroup section */
		7C8F08592555B50F0083E579 /* SPA-UITests */ = {
			isa = PBXGroup;
			children = (
				7C8F085A2555B50F0083E579 /* SPA_UITests.swift */,
				7C8F085C2555B50F0083E579 /* Info.plist */,
			);
			path = "SPA-UITests";
			sourceTree = "<group>";
		};
		FB8A7BD8251D6672004831BD = {
			isa = PBXGroup;
			children = (
				FB8A7BE3251D6672004831BD /* SPA */,
				7C8F08592555B50F0083E579 /* SPA-UITests */,
				FB8A7BE2251D6672004831BD /* Products */,
			);
			sourceTree = "<group>";
		};
		FB8A7BE2251D6672004831BD /* Products */ = {
			isa = PBXGroup;
			children = (
				FB8A7BE1251D6672004831BD /* SPA.app */,
				7C8F08582555B50F0083E579 /* SPA-UITests.xctest */,
			);
			name = Products;
			sourceTree = "<group>";
		};
		FB8A7BE3251D6672004831BD /* SPA */ = {
			isa = PBXGroup;
			children = (
				814CA08E2541218B00ABAA1B /* ExecutiveView.swift */,
				814CA08F2541218B00ABAA1B /* ManagementView.swift */,
				814CA08D2541218B00ABAA1B /* PractionerView.swift */,
				814CA05825393F1F00ABAA1B /* ProjectListView.swift */,
				814CA05725393F1F00ABAA1B /* UserListView.swift */,
				814CA05925393F1F00ABAA1B /* UserModel.swift */,
				FB8A7BE4251D6672004831BD /* SPAApp.swift */,
				FB8A7BE6251D6672004831BD /* ContentView.swift */,
				FB8A7BE8251D6674004831BD /* Assets.xcassets */,
				FB8A7BED251D6674004831BD /* Persistence.swift */,
				FB8A7BF2251D6674004831BD /* Info.plist */,
				FB8A7BEF251D6674004831BD /* SPA.xcdatamodeld */,
				FB8A7BEA251D6674004831BD /* Preview Content */,
				FBE437F1252EA9F900DC41AB /* LoginView.swift */,
				814CA037252EBFF500ABAA1B /* RawInputView.swift */,
				814CA03C2537BFFD00ABAA1B /* SPAModel.swift */,
				814CA065253945C400ABAA1B /* DerivedInputView.swift */,
				814CA06D25394E3700ABAA1B /* ViewState.swift */,
				FBB4060525410C360000EA6C /* ComputeEngine.swift */,
				814CA09C254A445100ABAA1B /* OutputView.swift */,
				814CA0A6254A452F00ABAA1B /* RawInput.swift */,
				FB656AF5254C91BC00B5B88D /* GeneratedView.swift */,
				81C495D7255508C1007FE463 /* Utility.swift */,
				81C495DC255509E7007FE463 /* ValidationModule.swift */,
			);
			path = SPA;
			sourceTree = "<group>";
		};
		FB8A7BEA251D6674004831BD /* Preview Content */ = {
			isa = PBXGroup;
			children = (
				FB8A7BEB251D6674004831BD /* Preview Assets.xcassets */,
			);
			path = "Preview Content";
			sourceTree = "<group>";
		};
/* End PBXGroup section */

/* Begin PBXNativeTarget section */
		7C8F08572555B50F0083E579 /* SPA-UITests */ = {
			isa = PBXNativeTarget;
			buildConfigurationList = 7C8F085F2555B50F0083E579 /* Build configuration list for PBXNativeTarget "SPA-UITests" */;
			buildPhases = (
				7C8F08542555B50F0083E579 /* Sources */,
				7C8F08552555B50F0083E579 /* Frameworks */,
				7C8F08562555B50F0083E579 /* Resources */,
			);
			buildRules = (
			);
			dependencies = (
				7C8F085E2555B50F0083E579 /* PBXTargetDependency */,
			);
			name = "SPA-UITests";
			productName = "SPA-UITests";
			productReference = 7C8F08582555B50F0083E579 /* SPA-UITests.xctest */;
			productType = "com.apple.product-type.bundle.ui-testing";
		};
		FB8A7BE0251D6672004831BD /* SPA */ = {
			isa = PBXNativeTarget;
			buildConfigurationList = FB8A7C0B251D6674004831BD /* Build configuration list for PBXNativeTarget "SPA" */;
			buildPhases = (
				FB8A7BDD251D6672004831BD /* Sources */,
				FB8A7BDE251D6672004831BD /* Frameworks */,
				FB8A7BDF251D6672004831BD /* Resources */,
			);
			buildRules = (
			);
			dependencies = (
			);
			name = SPA;
			productName = SPA;
			productReference = FB8A7BE1251D6672004831BD /* SPA.app */;
			productType = "com.apple.product-type.application";
		};
/* End PBXNativeTarget section */

/* Begin PBXProject section */
		FB8A7BD9251D6672004831BD /* Project object */ = {
			isa = PBXProject;
			attributes = {
				LastSwiftUpdateCheck = 1210;
				LastUpgradeCheck = 1200;
				TargetAttributes = {
					7C8F08572555B50F0083E579 = {
						CreatedOnToolsVersion = 12.1;
						TestTargetID = FB8A7BE0251D6672004831BD;
					};
					FB8A7BE0251D6672004831BD = {
						CreatedOnToolsVersion = 12.0;
					};
				};
			};
			buildConfigurationList = FB8A7BDC251D6672004831BD /* Build configuration list for PBXProject "SPA" */;
			compatibilityVersion = "Xcode 9.3";
			developmentRegion = en;
			hasScannedForEncodings = 0;
			knownRegions = (
				en,
				Base,
			);
			mainGroup = FB8A7BD8251D6672004831BD;
			productRefGroup = FB8A7BE2251D6672004831BD /* Products */;
			projectDirPath = "";
			projectRoot = "";
			targets = (
				FB8A7BE0251D6672004831BD /* SPA */,
				7C8F08572555B50F0083E579 /* SPA-UITests */,
			);
		};
/* End PBXProject section */

/* Begin PBXResourcesBuildPhase section */
		7C8F08562555B50F0083E579 /* Resources */ = {
			isa = PBXResourcesBuildPhase;
			buildActionMask = 2147483647;
			files = (
			);
			runOnlyForDeploymentPostprocessing = 0;
		};
		FB8A7BDF251D6672004831BD /* Resources */ = {
			isa = PBXResourcesBuildPhase;
			buildActionMask = 2147483647;
			files = (
				FB8A7BEC251D6674004831BD /* Preview Assets.xcassets in Resources */,
				FB8A7BE9251D6674004831BD /* Assets.xcassets in Resources */,
			);
			runOnlyForDeploymentPostprocessing = 0;
		};
/* End PBXResourcesBuildPhase section */

/* Begin PBXSourcesBuildPhase section */
		7C8F08542555B50F0083E579 /* Sources */ = {
			isa = PBXSourcesBuildPhase;
			buildActionMask = 2147483647;
			files = (
				7C8F085B2555B50F0083E579 /* SPA_UITests.swift in Sources */,
			);
			runOnlyForDeploymentPostprocessing = 0;
		};
		FB8A7BDD251D6672004831BD /* Sources */ = {
			isa = PBXSourcesBuildPhase;
			buildActionMask = 2147483647;
			files = (
				81C495DD255509E7007FE463 /* ValidationModule.swift in Sources */,
				FB8A7BF1251D6674004831BD /* SPA.xcdatamodeld in Sources */,
				814CA05D25393F1F00ABAA1B /* UserListView.swift in Sources */,
				FB8A7BEE251D6674004831BD /* Persistence.swift in Sources */,
				FB8A7BE7251D6672004831BD /* ContentView.swift in Sources */,
				FB8A7BE5251D6672004831BD /* SPAApp.swift in Sources */,
				814CA0902541218B00ABAA1B /* PractionerView.swift in Sources */,
				814CA06E25394E3700ABAA1B /* ViewState.swift in Sources */,
				814CA05E25393F1F00ABAA1B /* ProjectListView.swift in Sources */,
				814CA03D2537BFFD00ABAA1B /* SPAModel.swift in Sources */,
				FBE437F2252EA9F900DC41AB /* LoginView.swift in Sources */,
				814CA0912541218B00ABAA1B /* ExecutiveView.swift in Sources */,
				814CA0A7254A452F00ABAA1B /* RawInput.swift in Sources */,
				814CA0922541218B00ABAA1B /* ManagementView.swift in Sources */,
				FBB4060625410C370000EA6C /* ComputeEngine.swift in Sources */,
				81C495D8255508C1007FE463 /* Utility.swift in Sources */,
				814CA038252EBFF500ABAA1B /* RawInputView.swift in Sources */,
				814CA09D254A445100ABAA1B /* OutputView.swift in Sources */,
				FB656AF6254C91BC00B5B88D /* GeneratedView.swift in Sources */,
				814CA05F25393F1F00ABAA1B /* UserModel.swift in Sources */,
				814CA066253945C400ABAA1B /* DerivedInputView.swift in Sources */,
			);
			runOnlyForDeploymentPostprocessing = 0;
		};
/* End PBXSourcesBuildPhase section */

/* Begin PBXTargetDependency section */
		7C8F085E2555B50F0083E579 /* PBXTargetDependency */ = {
			isa = PBXTargetDependency;
			target = FB8A7BE0251D6672004831BD /* SPA */;
			targetProxy = 7C8F085D2555B50F0083E579 /* PBXContainerItemProxy */;
		};
/* End PBXTargetDependency section */

/* Begin XCBuildConfiguration section */
		7C8F08602555B50F0083E579 /* Debug */ = {
			isa = XCBuildConfiguration;
			buildSettings = {
				CODE_SIGN_STYLE = Automatic;
				DEVELOPMENT_TEAM = 795UYD8CC6;
				INFOPLIST_FILE = "SPA-UITests/Info.plist";
				IPHONEOS_DEPLOYMENT_TARGET = 14.1;
				LD_RUNPATH_SEARCH_PATHS = (
					"$(inherited)",
					"@executable_path/Frameworks",
					"@loader_path/Frameworks",
				);
				PRODUCT_BUNDLE_IDENTIFIER = "com.bokaili.SPA-UITests";
				PRODUCT_NAME = "$(TARGET_NAME)";
				SWIFT_VERSION = 5.0;
				TARGETED_DEVICE_FAMILY = "1,2";
				TEST_TARGET_NAME = SPA;
			};
			name = Debug;
		};
		7C8F08612555B50F0083E579 /* Release */ = {
			isa = XCBuildConfiguration;
			buildSettings = {
				CODE_SIGN_STYLE = Automatic;
				DEVELOPMENT_TEAM = 795UYD8CC6;
				INFOPLIST_FILE = "SPA-UITests/Info.plist";
				IPHONEOS_DEPLOYMENT_TARGET = 14.1;
				LD_RUNPATH_SEARCH_PATHS = (
					"$(inherited)",
					"@executable_path/Frameworks",
					"@loader_path/Frameworks",
				);
				PRODUCT_BUNDLE_IDENTIFIER = "com.bokaili.SPA-UITests";
				PRODUCT_NAME = "$(TARGET_NAME)";
				SWIFT_VERSION = 5.0;
				TARGETED_DEVICE_FAMILY = "1,2";
				TEST_TARGET_NAME = SPA;
			};
			name = Release;
		};
		FB8A7C09251D6674004831BD /* Debug */ = {
			isa = XCBuildConfiguration;
			buildSettings = {
				ALWAYS_SEARCH_USER_PATHS = NO;
				CLANG_ANALYZER_NONNULL = YES;
				CLANG_ANALYZER_NUMBER_OBJECT_CONVERSION = YES_AGGRESSIVE;
				CLANG_CXX_LANGUAGE_STANDARD = "gnu++14";
				CLANG_CXX_LIBRARY = "libc++";
				CLANG_ENABLE_MODULES = YES;
				CLANG_ENABLE_OBJC_ARC = YES;
				CLANG_ENABLE_OBJC_WEAK = YES;
				CLANG_WARN_BLOCK_CAPTURE_AUTORELEASING = YES;
				CLANG_WARN_BOOL_CONVERSION = YES;
				CLANG_WARN_COMMA = YES;
				CLANG_WARN_CONSTANT_CONVERSION = YES;
				CLANG_WARN_DEPRECATED_OBJC_IMPLEMENTATIONS = YES;
				CLANG_WARN_DIRECT_OBJC_ISA_USAGE = YES_ERROR;
				CLANG_WARN_DOCUMENTATION_COMMENTS = YES;
				CLANG_WARN_EMPTY_BODY = YES;
				CLANG_WARN_ENUM_CONVERSION = YES;
				CLANG_WARN_INFINITE_RECURSION = YES;
				CLANG_WARN_INT_CONVERSION = YES;
				CLANG_WARN_NON_LITERAL_NULL_CONVERSION = YES;
				CLANG_WARN_OBJC_IMPLICIT_RETAIN_SELF = YES;
				CLANG_WARN_OBJC_LITERAL_CONVERSION = YES;
				CLANG_WARN_OBJC_ROOT_CLASS = YES_ERROR;
				CLANG_WARN_QUOTED_INCLUDE_IN_FRAMEWORK_HEADER = YES;
				CLANG_WARN_RANGE_LOOP_ANALYSIS = YES;
				CLANG_WARN_STRICT_PROTOTYPES = YES;
				CLANG_WARN_SUSPICIOUS_MOVE = YES;
				CLANG_WARN_UNGUARDED_AVAILABILITY = YES_AGGRESSIVE;
				CLANG_WARN_UNREACHABLE_CODE = YES;
				CLANG_WARN__DUPLICATE_METHOD_MATCH = YES;
				COPY_PHASE_STRIP = NO;
				DEBUG_INFORMATION_FORMAT = dwarf;
				ENABLE_STRICT_OBJC_MSGSEND = YES;
				ENABLE_TESTABILITY = YES;
				GCC_C_LANGUAGE_STANDARD = gnu11;
				GCC_DYNAMIC_NO_PIC = NO;
				GCC_NO_COMMON_BLOCKS = YES;
				GCC_OPTIMIZATION_LEVEL = 0;
				GCC_PREPROCESSOR_DEFINITIONS = (
					"DEBUG=1",
					"$(inherited)",
				);
				GCC_WARN_64_TO_32_BIT_CONVERSION = YES;
				GCC_WARN_ABOUT_RETURN_TYPE = YES_ERROR;
				GCC_WARN_UNDECLARED_SELECTOR = YES;
				GCC_WARN_UNINITIALIZED_AUTOS = YES_AGGRESSIVE;
				GCC_WARN_UNUSED_FUNCTION = YES;
				GCC_WARN_UNUSED_VARIABLE = YES;
				IPHONEOS_DEPLOYMENT_TARGET = 14.0;
				MTL_ENABLE_DEBUG_INFO = INCLUDE_SOURCE;
				MTL_FAST_MATH = YES;
				ONLY_ACTIVE_ARCH = YES;
				SDKROOT = iphoneos;
				SWIFT_ACTIVE_COMPILATION_CONDITIONS = DEBUG;
				SWIFT_OPTIMIZATION_LEVEL = "-Onone";
			};
			name = Debug;
		};
		FB8A7C0A251D6674004831BD /* Release */ = {
			isa = XCBuildConfiguration;
			buildSettings = {
				ALWAYS_SEARCH_USER_PATHS = NO;
				CLANG_ANALYZER_NONNULL = YES;
				CLANG_ANALYZER_NUMBER_OBJECT_CONVERSION = YES_AGGRESSIVE;
				CLANG_CXX_LANGUAGE_STANDARD = "gnu++14";
				CLANG_CXX_LIBRARY = "libc++";
				CLANG_ENABLE_MODULES = YES;
				CLANG_ENABLE_OBJC_ARC = YES;
				CLANG_ENABLE_OBJC_WEAK = YES;
				CLANG_WARN_BLOCK_CAPTURE_AUTORELEASING = YES;
				CLANG_WARN_BOOL_CONVERSION = YES;
				CLANG_WARN_COMMA = YES;
				CLANG_WARN_CONSTANT_CONVERSION = YES;
				CLANG_WARN_DEPRECATED_OBJC_IMPLEMENTATIONS = YES;
				CLANG_WARN_DIRECT_OBJC_ISA_USAGE = YES_ERROR;
				CLANG_WARN_DOCUMENTATION_COMMENTS = YES;
				CLANG_WARN_EMPTY_BODY = YES;
				CLANG_WARN_ENUM_CONVERSION = YES;
				CLANG_WARN_INFINITE_RECURSION = YES;
				CLANG_WARN_INT_CONVERSION = YES;
				CLANG_WARN_NON_LITERAL_NULL_CONVERSION = YES;
				CLANG_WARN_OBJC_IMPLICIT_RETAIN_SELF = YES;
				CLANG_WARN_OBJC_LITERAL_CONVERSION = YES;
				CLANG_WARN_OBJC_ROOT_CLASS = YES_ERROR;
				CLANG_WARN_QUOTED_INCLUDE_IN_FRAMEWORK_HEADER = YES;
				CLANG_WARN_RANGE_LOOP_ANALYSIS = YES;
				CLANG_WARN_STRICT_PROTOTYPES = YES;
				CLANG_WARN_SUSPICIOUS_MOVE = YES;
				CLANG_WARN_UNGUARDED_AVAILABILITY = YES_AGGRESSIVE;
				CLANG_WARN_UNREACHABLE_CODE = YES;
				CLANG_WARN__DUPLICATE_METHOD_MATCH = YES;
				COPY_PHASE_STRIP = NO;
				DEBUG_INFORMATION_FORMAT = "dwarf-with-dsym";
				ENABLE_NS_ASSERTIONS = NO;
				ENABLE_STRICT_OBJC_MSGSEND = YES;
				GCC_C_LANGUAGE_STANDARD = gnu11;
				GCC_NO_COMMON_BLOCKS = YES;
				GCC_WARN_64_TO_32_BIT_CONVERSION = YES;
				GCC_WARN_ABOUT_RETURN_TYPE = YES_ERROR;
				GCC_WARN_UNDECLARED_SELECTOR = YES;
				GCC_WARN_UNINITIALIZED_AUTOS = YES_AGGRESSIVE;
				GCC_WARN_UNUSED_FUNCTION = YES;
				GCC_WARN_UNUSED_VARIABLE = YES;
				IPHONEOS_DEPLOYMENT_TARGET = 14.0;
				MTL_ENABLE_DEBUG_INFO = NO;
				MTL_FAST_MATH = YES;
				SDKROOT = iphoneos;
				SWIFT_COMPILATION_MODE = wholemodule;
				SWIFT_OPTIMIZATION_LEVEL = "-O";
				VALIDATE_PRODUCT = YES;
			};
			name = Release;
		};
		FB8A7C0C251D6674004831BD /* Debug */ = {
			isa = XCBuildConfiguration;
			buildSettings = {
				ASSETCATALOG_COMPILER_APPICON_NAME = AppIcon;
				ASSETCATALOG_COMPILER_GLOBAL_ACCENT_COLOR_NAME = AccentColor;
				CODE_SIGN_STYLE = Automatic;
				DEVELOPMENT_ASSET_PATHS = "\"SPA/Preview Content\"";
				DEVELOPMENT_TEAM = 9X452M9V2E;
				ENABLE_PREVIEWS = YES;
				INFOPLIST_FILE = SPA/Info.plist;
				IPHONEOS_DEPLOYMENT_TARGET = 14.0;
				LD_RUNPATH_SEARCH_PATHS = (
					"$(inherited)",
					"@executable_path/Frameworks",
				);
				PRODUCT_BUNDLE_IDENTIFIER = live.tarheel.SPA;
				PRODUCT_NAME = "$(TARGET_NAME)";
				SWIFT_VERSION = 5.0;
				TARGETED_DEVICE_FAMILY = 2;
			};
			name = Debug;
		};
		FB8A7C0D251D6674004831BD /* Release */ = {
			isa = XCBuildConfiguration;
			buildSettings = {
				ASSETCATALOG_COMPILER_APPICON_NAME = AppIcon;
				ASSETCATALOG_COMPILER_GLOBAL_ACCENT_COLOR_NAME = AccentColor;
				CODE_SIGN_STYLE = Automatic;
				DEVELOPMENT_ASSET_PATHS = "\"SPA/Preview Content\"";
				DEVELOPMENT_TEAM = 9X452M9V2E;
				ENABLE_PREVIEWS = YES;
				INFOPLIST_FILE = SPA/Info.plist;
				IPHONEOS_DEPLOYMENT_TARGET = 14.0;
				LD_RUNPATH_SEARCH_PATHS = (
					"$(inherited)",
					"@executable_path/Frameworks",
				);
				PRODUCT_BUNDLE_IDENTIFIER = live.tarheel.SPA;
				PRODUCT_NAME = "$(TARGET_NAME)";
				SWIFT_VERSION = 5.0;
				TARGETED_DEVICE_FAMILY = 2;
			};
			name = Release;
		};
/* End XCBuildConfiguration section */

/* Begin XCConfigurationList section */
		7C8F085F2555B50F0083E579 /* Build configuration list for PBXNativeTarget "SPA-UITests" */ = {
			isa = XCConfigurationList;
			buildConfigurations = (
				7C8F08602555B50F0083E579 /* Debug */,
				7C8F08612555B50F0083E579 /* Release */,
			);
			defaultConfigurationIsVisible = 0;
			defaultConfigurationName = Release;
		};
		FB8A7BDC251D6672004831BD /* Build configuration list for PBXProject "SPA" */ = {
			isa = XCConfigurationList;
			buildConfigurations = (
				FB8A7C09251D6674004831BD /* Debug */,
				FB8A7C0A251D6674004831BD /* Release */,
			);
			defaultConfigurationIsVisible = 0;
			defaultConfigurationName = Release;
		};
		FB8A7C0B251D6674004831BD /* Build configuration list for PBXNativeTarget "SPA" */ = {
			isa = XCConfigurationList;
			buildConfigurations = (
				FB8A7C0C251D6674004831BD /* Debug */,
				FB8A7C0D251D6674004831BD /* Release */,
			);
			defaultConfigurationIsVisible = 0;
			defaultConfigurationName = Release;
		};
/* End XCConfigurationList section */

/* Begin XCVersionGroup section */
		FB8A7BEF251D6674004831BD /* SPA.xcdatamodeld */ = {
			isa = XCVersionGroup;
			children = (
				FB8A7BF0251D6674004831BD /* SPA.xcdatamodel */,
			);
			currentVersion = FB8A7BF0251D6674004831BD /* SPA.xcdatamodel */;
			path = SPA.xcdatamodeld;
			sourceTree = "<group>";
			versionGroupType = wrapper.xcdatamodel;
		};
/* End XCVersionGroup section */
	};
	rootObject = FB8A7BD9251D6672004831BD /* Project object */;
}
